
Microsoft Visual Studio Solution File, Format Version 12.00
# Visual Studio 14
VisualStudioVersion = 14.0.25420.1
MinimumVisualStudioVersion = 10.0.40219.1
Project("{FAE04EC0-301F-11D3-BF4B-00C04F79EFBC}") = "FileDownload", "FileDownload\FileDownload.csproj", "{683435CB-C7B1-4637-AEBC-80048A1F6AD3}"
EndProject
Project("{2150E333-8FDC-42A3-9474-1A3956D46DE8}") = "WPF", "WPF", "{3DF184D2-D2EE-4A85-BED9-1C62F09B3673}"
EndProject
Project("{FAE04EC0-301F-11D3-BF4B-00C04F79EFBC}") = "SingleInstance", "SingleInstance\SingleInstance.csproj", "{6BEE47F9-315C-4CBF-989E-36DA6BE4676C}"
EndProject
Project("{FAE04EC0-301F-11D3-BF4B-00C04F79EFBC}") = "HandleLastInputTime", "HandleLastInputTime\HandleLastInputTime.csproj", "{35747A12-6BF4-49F1-BEAB-43C279F0950E}"
EndProject
Global
	GlobalSection(SolutionConfigurationPlatforms) = preSolution
		Debug|Any CPU = Debug|Any CPU
		Release|Any CPU = Release|Any CPU
	EndGlobalSection
	GlobalSection(ProjectConfigurationPlatforms) = postSolution
		{683435CB-C7B1-4637-AEBC-80048A1F6AD3}.Debug|Any CPU.ActiveCfg = Debug|Any CPU
		{683435CB-C7B1-4637-AEBC-80048A1F6AD3}.Debug|Any CPU.Build.0 = Debug|Any CPU
		{683435CB-C7B1-4637-AEBC-80048A1F6AD3}.Release|Any CPU.ActiveCfg = Release|Any CPU
		{683435CB-C7B1-4637-AEBC-80048A1F6AD3}.Release|Any CPU.Build.0 = Release|Any CPU
		{6BEE47F9-315C-4CBF-989E-36DA6BE4676C}.Debug|Any CPU.ActiveCfg = Debug|Any CPU
		{6BEE47F9-315C-4CBF-989E-36DA6BE4676C}.Debug|Any CPU.Build.0 = Debug|Any CPU
		{6BEE47F9-315C-4CBF-989E-36DA6BE4676C}.Release|Any CPU.ActiveCfg = Release|Any CPU
		{6BEE47F9-315C-4CBF-989E-36DA6BE4676C}.Release|Any CPU.Build.0 = Release|Any CPU
		{35747A12-6BF4-49F1-BEAB-43C279F0950E}.Debug|Any CPU.ActiveCfg = Debug|Any CPU
		{35747A12-6BF4-49F1-BEAB-43C279F0950E}.Debug|Any CPU.Build.0 = Debug|Any CPU
		{35747A12-6BF4-49F1-BEAB-43C279F0950E}.Release|Any CPU.ActiveCfg = Release|Any CPU
		{35747A12-6BF4-49F1-BEAB-43C279F0950E}.Release|Any CPU.Build.0 = Release|Any CPU
	EndGlobalSection
	GlobalSection(SolutionProperties) = preSolution
		HideSolutionNode = FALSE
	EndGlobalSection
	GlobalSection(NestedProjects) = preSolution
		{683435CB-C7B1-4637-AEBC-80048A1F6AD3} = {3DF184D2-D2EE-4A85-BED9-1C62F09B3673}
		{6BEE47F9-315C-4CBF-989E-36DA6BE4676C} = {3DF184D2-D2EE-4A85-BED9-1C62F09B3673}
	EndGlobalSection
EndGlobal
